
Microsoft Visual Studio Solution File, Format Version 12.00
# Visual Studio Version 17
VisualStudioVersion = 17.13.35931.197 d17.13
MinimumVisualStudioVersion = 10.0.40219.1
Project("{FAE04EC0-301F-11D3-BF4B-00C04F79EFBC}") = "DisablePrintAndScreenShotFromWindow", "DisablePrintAndScreenShotFromWindow\DisablePrintAndScreenShotFromWindow.csproj", "{70EC0039-09D4-4217-A0C0-B456F83DB54A}"
EndProject
Global
	GlobalSection(SolutionConfigurationPlatforms) = preSolution
		Debug|Any CPU = Debug|Any CPU
		Release|Any CPU = Release|Any CPU
	EndGlobalSection
	GlobalSection(ProjectConfigurationPlatforms) = postSolution
		{70EC0039-09D4-4217-A0C0-B456F83DB54A}.Debug|Any CPU.ActiveCfg = Debug|Any CPU
		{70EC0039-09D4-4217-A0C0-B456F83DB54A}.Debug|Any CPU.Build.0 = Debug|Any CPU
		{70EC0039-09D4-4217-A0C0-B456F83DB54A}.Release|Any CPU.ActiveCfg = Release|Any CPU
		{70EC0039-09D4-4217-A0C0-B456F83DB54A}.Release|Any CPU.Build.0 = Release|Any CPU
	EndGlobalSection
	GlobalSection(SolutionProperties) = preSolution
		HideSolutionNode = FALSE
	EndGlobalSection
	GlobalSection(ExtensibilityGlobals) = postSolution
		SolutionGuid = {7EF12F6F-509B-47B1-AE9C-D7A2039BC319}
	EndGlobalSection
EndGlobal
